
Microsoft Visual Studio Solution File, Format Version 12.00
# Visual Studio Version 17
VisualStudioVersion = 17.6.33723.286
MinimumVisualStudioVersion = 10.0.40219.1
Project("{FAE04EC0-301F-11D3-BF4B-00C04F79EFBC}") = "ListHomework", "ListHomework\ListHomework.csproj", "{221DD1C2-4CAE-4421-9F99-1C6154D922AC}"
EndProject
Global
	GlobalSection(SolutionConfigurationPlatforms) = preSolution
		Debug|Any CPU = Debug|Any CPU
		Release|Any CPU = Release|Any CPU
	EndGlobalSection
	GlobalSection(ProjectConfigurationPlatforms) = postSolution
		{221DD1C2-4CAE-4421-9F99-1C6154D922AC}.Debug|Any CPU.ActiveCfg = Debug|Any CPU
		{221DD1C2-4CAE-4421-9F99-1C6154D922AC}.Debug|Any CPU.Build.0 = Debug|Any CPU
		{221DD1C2-4CAE-4421-9F99-1C6154D922AC}.Release|Any CPU.ActiveCfg = Release|Any CPU
		{221DD1C2-4CAE-4421-9F99-1C6154D922AC}.Release|Any CPU.Build.0 = Release|Any CPU
	EndGlobalSection
	GlobalSection(SolutionProperties) = preSolution
		HideSolutionNode = FALSE
	EndGlobalSection
	GlobalSection(ExtensibilityGlobals) = postSolution
		SolutionGuid = {226C4DE2-CBDE-4F02-AE5E-AE76E28BEE2C}
	EndGlobalSection
EndGlobal
