
Microsoft Visual Studio Solution File, Format Version 12.00
# Visual Studio Version 17
VisualStudioVersion = 17.8.34309.116
MinimumVisualStudioVersion = 10.0.40219.1
Project("{FAE04EC0-301F-11D3-BF4B-00C04F79EFBC}") = "CsvHelper", "CsvHelper.csproj", "{1655AB73-75CA-48BA-B785-5F9D7BFD3EF6}"
EndProject
Global
	GlobalSection(SolutionConfigurationPlatforms) = preSolution
		Debug|Any CPU = Debug|Any CPU
		Release|Any CPU = Release|Any CPU
	EndGlobalSection
	GlobalSection(ProjectConfigurationPlatforms) = postSolution
		{1655AB73-75CA-48BA-B785-5F9D7BFD3EF6}.Debug|Any CPU.ActiveCfg = Debug|Any CPU
		{1655AB73-75CA-48BA-B785-5F9D7BFD3EF6}.Debug|Any CPU.Build.0 = Debug|Any CPU
		{1655AB73-75CA-48BA-B785-5F9D7BFD3EF6}.Release|Any CPU.ActiveCfg = Release|Any CPU
		{1655AB73-75CA-48BA-B785-5F9D7BFD3EF6}.Release|Any CPU.Build.0 = Release|Any CPU
	EndGlobalSection
	GlobalSection(SolutionProperties) = preSolution
		HideSolutionNode = FALSE
	EndGlobalSection
	GlobalSection(ExtensibilityGlobals) = postSolution
		SolutionGuid = {FF0489F3-4F4E-4A62-BE5A-388B9C0DC8FE}
	EndGlobalSection
EndGlobal
