
Microsoft Visual Studio Solution File, Format Version 12.00
# Visual Studio Version 17
VisualStudioVersion = 17.6.33723.286
MinimumVisualStudioVersion = 10.0.40219.1
Project("{FAE04EC0-301F-11D3-BF4B-00C04F79EFBC}") = "DateOnlyVariables", "DateOnlyVariables\DateOnlyVariables.csproj", "{652EF790-A7E9-41E1-B782-2652AACA9785}"
EndProject
Global
	GlobalSection(SolutionConfigurationPlatforms) = preSolution
		Debug|Any CPU = Debug|Any CPU
		Release|Any CPU = Release|Any CPU
	EndGlobalSection
	GlobalSection(ProjectConfigurationPlatforms) = postSolution
		{652EF790-A7E9-41E1-B782-2652AACA9785}.Debug|Any CPU.ActiveCfg = Debug|Any CPU
		{652EF790-A7E9-41E1-B782-2652AACA9785}.Debug|Any CPU.Build.0 = Debug|Any CPU
		{652EF790-A7E9-41E1-B782-2652AACA9785}.Release|Any CPU.ActiveCfg = Release|Any CPU
		{652EF790-A7E9-41E1-B782-2652AACA9785}.Release|Any CPU.Build.0 = Release|Any CPU
	EndGlobalSection
	GlobalSection(SolutionProperties) = preSolution
		HideSolutionNode = FALSE
	EndGlobalSection
	GlobalSection(ExtensibilityGlobals) = postSolution
		SolutionGuid = {403C54E8-D2A4-4709-BF94-05CBB00C30D7}
	EndGlobalSection
EndGlobal
