
Microsoft Visual Studio Solution File, Format Version 12.00
# Visual Studio Version 17
VisualStudioVersion = 17.6.33723.286
MinimumVisualStudioVersion = 10.0.40219.1
Project("{FAE04EC0-301F-11D3-BF4B-00C04F79EFBC}") = "TimeOnly", "TimeOnly\TimeOnly.csproj", "{36397C81-D875-440B-ABC8-4CDAAA79B9E1}"
EndProject
Global
	GlobalSection(SolutionConfigurationPlatforms) = preSolution
		Debug|Any CPU = Debug|Any CPU
		Release|Any CPU = Release|Any CPU
	EndGlobalSection
	GlobalSection(ProjectConfigurationPlatforms) = postSolution
		{36397C81-D875-440B-ABC8-4CDAAA79B9E1}.Debug|Any CPU.ActiveCfg = Debug|Any CPU
		{36397C81-D875-440B-ABC8-4CDAAA79B9E1}.Debug|Any CPU.Build.0 = Debug|Any CPU
		{36397C81-D875-440B-ABC8-4CDAAA79B9E1}.Release|Any CPU.ActiveCfg = Release|Any CPU
		{36397C81-D875-440B-ABC8-4CDAAA79B9E1}.Release|Any CPU.Build.0 = Release|Any CPU
	EndGlobalSection
	GlobalSection(SolutionProperties) = preSolution
		HideSolutionNode = FALSE
	EndGlobalSection
	GlobalSection(ExtensibilityGlobals) = postSolution
		SolutionGuid = {85C277E2-ADE9-4CD0-B0E2-2962D3E0E378}
	EndGlobalSection
EndGlobal
