
Microsoft Visual Studio Solution File, Format Version 12.00
# Visual Studio Version 17
VisualStudioVersion = 17.6.33723.286
MinimumVisualStudioVersion = 10.0.40219.1
Project("{FAE04EC0-301F-11D3-BF4B-00C04F79EFBC}") = "StudentCheck", "StudentCheck\StudentCheck.csproj", "{6A2B20C5-9477-43E9-9455-8B9CD0D1339C}"
EndProject
Global
	GlobalSection(SolutionConfigurationPlatforms) = preSolution
		Debug|Any CPU = Debug|Any CPU
		Release|Any CPU = Release|Any CPU
	EndGlobalSection
	GlobalSection(ProjectConfigurationPlatforms) = postSolution
		{6A2B20C5-9477-43E9-9455-8B9CD0D1339C}.Debug|Any CPU.ActiveCfg = Debug|Any CPU
		{6A2B20C5-9477-43E9-9455-8B9CD0D1339C}.Debug|Any CPU.Build.0 = Debug|Any CPU
		{6A2B20C5-9477-43E9-9455-8B9CD0D1339C}.Release|Any CPU.ActiveCfg = Release|Any CPU
		{6A2B20C5-9477-43E9-9455-8B9CD0D1339C}.Release|Any CPU.Build.0 = Release|Any CPU
	EndGlobalSection
	GlobalSection(SolutionProperties) = preSolution
		HideSolutionNode = FALSE
	EndGlobalSection
	GlobalSection(ExtensibilityGlobals) = postSolution
		SolutionGuid = {8054C39D-7034-401C-BA30-B2A7AAF6F78E}
	EndGlobalSection
EndGlobal
