
Microsoft Visual Studio Solution File, Format Version 12.00
# Visual Studio Version 17
VisualStudioVersion = 17.6.33723.286
MinimumVisualStudioVersion = 10.0.40219.1
Project("{FAE04EC0-301F-11D3-BF4B-00C04F79EFBC}") = "resumeBlazor", "resumeBlazor\resumeBlazor.csproj", "{B305FC14-EAC1-429E-8079-8C066CEB55EE}"
EndProject
Global
	GlobalSection(SolutionConfigurationPlatforms) = preSolution
		Debug|Any CPU = Debug|Any CPU
		Release|Any CPU = Release|Any CPU
	EndGlobalSection
	GlobalSection(ProjectConfigurationPlatforms) = postSolution
		{B305FC14-EAC1-429E-8079-8C066CEB55EE}.Debug|Any CPU.ActiveCfg = Debug|Any CPU
		{B305FC14-EAC1-429E-8079-8C066CEB55EE}.Debug|Any CPU.Build.0 = Debug|Any CPU
		{B305FC14-EAC1-429E-8079-8C066CEB55EE}.Release|Any CPU.ActiveCfg = Release|Any CPU
		{B305FC14-EAC1-429E-8079-8C066CEB55EE}.Release|Any CPU.Build.0 = Release|Any CPU
	EndGlobalSection
	GlobalSection(SolutionProperties) = preSolution
		HideSolutionNode = FALSE
	EndGlobalSection
	GlobalSection(ExtensibilityGlobals) = postSolution
		SolutionGuid = {D6D73B94-4260-40AE-B0E2-85EBF97A2994}
	EndGlobalSection
EndGlobal
