
Microsoft Visual Studio Solution File, Format Version 12.00
# Visual Studio Version 17
VisualStudioVersion = 17.6.33723.286
MinimumVisualStudioVersion = 10.0.40219.1
Project("{FAE04EC0-301F-11D3-BF4B-00C04F79EFBC}") = "StringVariablesApp", "StringVariablesApp\StringVariablesApp.csproj", "{02566BEA-EE0A-47B1-95A4-A654AB25FAE8}"
EndProject
Global
	GlobalSection(SolutionConfigurationPlatforms) = preSolution
		Debug|Any CPU = Debug|Any CPU
		Release|Any CPU = Release|Any CPU
	EndGlobalSection
	GlobalSection(ProjectConfigurationPlatforms) = postSolution
		{02566BEA-EE0A-47B1-95A4-A654AB25FAE8}.Debug|Any CPU.ActiveCfg = Debug|Any CPU
		{02566BEA-EE0A-47B1-95A4-A654AB25FAE8}.Debug|Any CPU.Build.0 = Debug|Any CPU
		{02566BEA-EE0A-47B1-95A4-A654AB25FAE8}.Release|Any CPU.ActiveCfg = Release|Any CPU
		{02566BEA-EE0A-47B1-95A4-A654AB25FAE8}.Release|Any CPU.Build.0 = Release|Any CPU
	EndGlobalSection
	GlobalSection(SolutionProperties) = preSolution
		HideSolutionNode = FALSE
	EndGlobalSection
	GlobalSection(ExtensibilityGlobals) = postSolution
		SolutionGuid = {DC148FEF-8697-46D8-865E-3CC524843ECE}
	EndGlobalSection
EndGlobal
