
Microsoft Visual Studio Solution File, Format Version 12.00
# Visual Studio Version 17
VisualStudioVersion = 17.6.33723.286
MinimumVisualStudioVersion = 10.0.40219.1
Project("{FAE04EC0-301F-11D3-BF4B-00C04F79EFBC}") = "GuestBook", "GuestBook\GuestBook.csproj", "{5819E684-0283-4099-865A-7B2AC8190AC8}"
EndProject
Global
	GlobalSection(SolutionConfigurationPlatforms) = preSolution
		Debug|Any CPU = Debug|Any CPU
		Release|Any CPU = Release|Any CPU
	EndGlobalSection
	GlobalSection(ProjectConfigurationPlatforms) = postSolution
		{5819E684-0283-4099-865A-7B2AC8190AC8}.Debug|Any CPU.ActiveCfg = Debug|Any CPU
		{5819E684-0283-4099-865A-7B2AC8190AC8}.Debug|Any CPU.Build.0 = Debug|Any CPU
		{5819E684-0283-4099-865A-7B2AC8190AC8}.Release|Any CPU.ActiveCfg = Release|Any CPU
		{5819E684-0283-4099-865A-7B2AC8190AC8}.Release|Any CPU.Build.0 = Release|Any CPU
	EndGlobalSection
	GlobalSection(SolutionProperties) = preSolution
		HideSolutionNode = FALSE
	EndGlobalSection
	GlobalSection(ExtensibilityGlobals) = postSolution
		SolutionGuid = {E9F9E493-6F3A-4105-B821-1B3956C38901}
	EndGlobalSection
EndGlobal
