
Microsoft Visual Studio Solution File, Format Version 12.00
# Visual Studio Version 17
VisualStudioVersion = 17.6.33723.286
MinimumVisualStudioVersion = 10.0.40219.1
Project("{FAE04EC0-301F-11D3-BF4B-00C04F79EFBC}") = "DoLoop", "DoLoop\DoLoop.csproj", "{5ED3D518-1577-4753-8728-B85D11831EE4}"
EndProject
Global
	GlobalSection(SolutionConfigurationPlatforms) = preSolution
		Debug|Any CPU = Debug|Any CPU
		Release|Any CPU = Release|Any CPU
	EndGlobalSection
	GlobalSection(ProjectConfigurationPlatforms) = postSolution
		{5ED3D518-1577-4753-8728-B85D11831EE4}.Debug|Any CPU.ActiveCfg = Debug|Any CPU
		{5ED3D518-1577-4753-8728-B85D11831EE4}.Debug|Any CPU.Build.0 = Debug|Any CPU
		{5ED3D518-1577-4753-8728-B85D11831EE4}.Release|Any CPU.ActiveCfg = Release|Any CPU
		{5ED3D518-1577-4753-8728-B85D11831EE4}.Release|Any CPU.Build.0 = Release|Any CPU
	EndGlobalSection
	GlobalSection(SolutionProperties) = preSolution
		HideSolutionNode = FALSE
	EndGlobalSection
	GlobalSection(ExtensibilityGlobals) = postSolution
		SolutionGuid = {7A89B25F-3B13-4E15-BA93-7B9BAE1460ED}
	EndGlobalSection
EndGlobal
