
Microsoft Visual Studio Solution File, Format Version 12.00
# Visual Studio Version 17
VisualStudioVersion = 17.6.33723.286
MinimumVisualStudioVersion = 10.0.40219.1
Project("{FAE04EC0-301F-11D3-BF4B-00C04F79EFBC}") = "IfStatments", "IfStatments\IfStatments.csproj", "{2F736C24-D7C6-4FA2-B930-5ADDD8F7B32A}"
EndProject
Global
	GlobalSection(SolutionConfigurationPlatforms) = preSolution
		Debug|Any CPU = Debug|Any CPU
		Release|Any CPU = Release|Any CPU
	EndGlobalSection
	GlobalSection(ProjectConfigurationPlatforms) = postSolution
		{2F736C24-D7C6-4FA2-B930-5ADDD8F7B32A}.Debug|Any CPU.ActiveCfg = Debug|Any CPU
		{2F736C24-D7C6-4FA2-B930-5ADDD8F7B32A}.Debug|Any CPU.Build.0 = Debug|Any CPU
		{2F736C24-D7C6-4FA2-B930-5ADDD8F7B32A}.Release|Any CPU.ActiveCfg = Release|Any CPU
		{2F736C24-D7C6-4FA2-B930-5ADDD8F7B32A}.Release|Any CPU.Build.0 = Release|Any CPU
	EndGlobalSection
	GlobalSection(SolutionProperties) = preSolution
		HideSolutionNode = FALSE
	EndGlobalSection
	GlobalSection(ExtensibilityGlobals) = postSolution
		SolutionGuid = {DD4CEF38-9AF9-4B02-A19C-D69E66B6F489}
	EndGlobalSection
EndGlobal
